
Microsoft Visual Studio Solution File, Format Version 12.00
Project("{FAE04EC0-301F-11D3-BF4B-00C04F79EFBC}") = "Genetic Algorithm for TSP", "Genetic Algorithm for TSP\Genetic Algorithm for TSP.csproj", "{0E1BDA7D-477E-4CC4-A856-D2DFCB6F11C4}"
EndProject
Global
	GlobalSection(SolutionConfigurationPlatforms) = preSolution
		Debug|Any CPU = Debug|Any CPU
		Release|Any CPU = Release|Any CPU
	EndGlobalSection
	GlobalSection(ProjectConfigurationPlatforms) = postSolution
		{0E1BDA7D-477E-4CC4-A856-D2DFCB6F11C4}.Debug|Any CPU.ActiveCfg = Debug|Any CPU
		{0E1BDA7D-477E-4CC4-A856-D2DFCB6F11C4}.Debug|Any CPU.Build.0 = Debug|Any CPU
		{0E1BDA7D-477E-4CC4-A856-D2DFCB6F11C4}.Release|Any CPU.ActiveCfg = Release|Any CPU
		{0E1BDA7D-477E-4CC4-A856-D2DFCB6F11C4}.Release|Any CPU.Build.0 = Release|Any CPU
	EndGlobalSection
EndGlobal
